# THIS IS AN AUTOGENERATED FILE. DO NOT EDIT THIS FILE DIRECTLY.
# yarn lockfile v1


"@types/recoil@^0.0.9":
  version "0.0.9"
  resolved "https://registry.yarnpkg.com/@types/recoil/-/recoil-0.0.9.tgz#a5efceda791ee2720418e232445bb34f4f2e4be9"
  integrity sha512-dXKcvdzQbkFCcULgxhtc/3shoCNqsspRUY1KwIUYcAzgS0qY7+IxlcjRjq+9PizFnzKrHESllkbezqCMstPmQA==
  dependencies:
    recoil "*"

hamt_plus@1.0.2:
  version "1.0.2"
  resolved "https://registry.yarnpkg.com/hamt_plus/-/hamt_plus-1.0.2.tgz#e21c252968c7e33b20f6a1b094cd85787a265601"
  integrity sha512-t2JXKaehnMb9paaYA7J0BX8QQAY8lwfQ9Gjf4pg/mk4krt+cmwmU652HOoWonf+7+EQV97ARPMhhVgU1ra2GhA==

recoil@*, recoil@^0.7.5:
  version "0.7.5"
  resolved "https://registry.yarnpkg.com/recoil/-/recoil-0.7.5.tgz#9a33a03350cfd99e08bdd5b73bfc8b8b9ee751b9"
  integrity sha512-GVShsj5+M/2GULWBs5WBJGcsNis/d3YvDiaKjYh3mLKXftjtmk9kfaQ8jwjoIXySCwn8/RhgJ4Sshwgzj2UpFA==
  dependencies:
    hamt_plus "1.0.2"
